{
  "name": "ATG",
  "lockfileVersion": 3,
  "requires": true,
  "packages": {
    "": {
      "dependencies": {
        "gojs": "^2.3.3"
      }
    },
    "node_modules/gojs": {
      "version": "2.3.3",
      "resolved": "https://registry.npmjs.org/gojs/-/gojs-2.3.3.tgz",
      "integrity": "sha512-4oE9zUrTTHnGvhOsF7KyAjV4X/2d5XwPa8/XZJVtMNWpn9X8Qnm/Hiu1uQIkxfzpWY2XrWrMW+1bzyAAyyuyTg=="
    }
  }
}
